
Microsoft Visual Studio Solution File, Format Version 12.00
# Visual Studio Version 16
VisualStudioVersion = 16.0.30621.155
MinimumVisualStudioVersion = 10.0.40219.1
Project("{FAE04EC0-301F-11D3-BF4B-00C04F79EFBC}") = "ProyectoMaterias", "ProyectoMaterias\ProyectoMaterias.csproj", "{2AE1CD88-0AFB-4EEF-9F51-44C09998C4A0}"
EndProject
Project("{FAE04EC0-301F-11D3-BF4B-00C04F79EFBC}") = "IUWindowsForms", "IUWindowsForms\IUWindowsForms.csproj", "{0F33C043-CC09-413A-824F-E110F9E637D2}"
EndProject
Global
	GlobalSection(SolutionConfigurationPlatforms) = preSolution
		Debug|Any CPU = Debug|Any CPU
		Release|Any CPU = Release|Any CPU
	EndGlobalSection
	GlobalSection(ProjectConfigurationPlatforms) = postSolution
		{2AE1CD88-0AFB-4EEF-9F51-44C09998C4A0}.Debug|Any CPU.ActiveCfg = Debug|Any CPU
		{2AE1CD88-0AFB-4EEF-9F51-44C09998C4A0}.Debug|Any CPU.Build.0 = Debug|Any CPU
		{2AE1CD88-0AFB-4EEF-9F51-44C09998C4A0}.Release|Any CPU.ActiveCfg = Release|Any CPU
		{2AE1CD88-0AFB-4EEF-9F51-44C09998C4A0}.Release|Any CPU.Build.0 = Release|Any CPU
		{0F33C043-CC09-413A-824F-E110F9E637D2}.Debug|Any CPU.ActiveCfg = Debug|Any CPU
		{0F33C043-CC09-413A-824F-E110F9E637D2}.Debug|Any CPU.Build.0 = Debug|Any CPU
		{0F33C043-CC09-413A-824F-E110F9E637D2}.Release|Any CPU.ActiveCfg = Release|Any CPU
		{0F33C043-CC09-413A-824F-E110F9E637D2}.Release|Any CPU.Build.0 = Release|Any CPU
	EndGlobalSection
	GlobalSection(SolutionProperties) = preSolution
		HideSolutionNode = FALSE
	EndGlobalSection
	GlobalSection(ExtensibilityGlobals) = postSolution
		SolutionGuid = {2701E6B5-3E60-4EFD-8B7F-C27DC89E44B4}
	EndGlobalSection
EndGlobal
